{
  "name": "terraform_data_engineer",
  "lockfileVersion": 2,
  "requires": true,
  "packages": {
    "": {
      "dependencies": {
        "stable": "^0.1.8"
      }
    },
    "node_modules/stable": {
      "version": "0.1.8",
      "resolved": "https://registry.npmjs.org/stable/-/stable-0.1.8.tgz",
      "integrity": "sha512-ji9qxRnOVfcuLDySj9qzhGSEFVobyt1kIOSkj1qZzYLzq7Tos/oUUWvotUPQLlrsidqsK6tBH89Bc9kL5zHA6w==",
      "deprecated": "Modern JS already guarantees Array#sort() is a stable sort, so this library is deprecated. See the compatibility table on MDN: https://developer.mozilla.org/en-US/docs/Web/JavaScript/Reference/Global_Objects/Array/sort#browser_compatibility"
    }
  },
  "dependencies": {
    "stable": {
      "version": "0.1.8",
      "resolved": "https://registry.npmjs.org/stable/-/stable-0.1.8.tgz",
      "integrity": "sha512-ji9qxRnOVfcuLDySj9qzhGSEFVobyt1kIOSkj1qZzYLzq7Tos/oUUWvotUPQLlrsidqsK6tBH89Bc9kL5zHA6w=="
    }
  }
}
